{
	"name": "@on2ts/ontologies-utils",
	"version": "1.0.50",
	"lockfileVersion": 2,
	"requires": true,
	"packages": {
		"": {
			"name": "@on2ts/ontologies-utils",
			"version": "1.0.44",
			"license": "MIT",
			"dependencies": {
				"@types/rdf-js": "^4.0.1",
				"jsonld-streaming-parser": "^2.2.1"
			},
			"devDependencies": {
				"@types/rdf-js": "^4.0.1"
			}
		},
		"node_modules/@rdfjs/types": {
			"version": "1.0.1",
			"resolved": "https://registry.npmjs.org/@rdfjs/types/-/types-1.0.1.tgz",
			"integrity": "sha512-YxVkH0XrCNG3MWeZxfg596GFe+oorTVusmNxRP6ZHTsGczZ8AGvG3UchRNkg3Fy4MyysI7vBAA5YZbESL+VmHQ==",
			"dependencies": {
				"@types/node": "*"
			}
		},
		"node_modules/@types/http-link-header": {
			"version": "1.0.3",
			"resolved": "https://registry.npmjs.org/@types/http-link-header/-/http-link-header-1.0.3.tgz",
			"integrity": "sha512-y8HkoD/vyid+5MrJ3aas0FvU3/BVBGcyG9kgxL0Zn4JwstA8CglFPnrR0RuzOjRCXwqzL5uxWC2IO7Ub0rMU2A==",
			"dependencies": {
				"@types/node": "*"
			}
		},
		"node_modules/@types/node": {
			"version": "14.14.37",
			"resolved": "https://registry.npmjs.org/@types/node/-/node-14.14.37.tgz",
			"integrity": "sha512-XYmBiy+ohOR4Lh5jE379fV2IU+6Jn4g5qASinhitfyO71b/sCo6MKsMLF5tc7Zf2CE8hViVQyYSobJNke8OvUw=="
		},
		"node_modules/@types/rdf-js": {
			"version": "4.0.2",
			"resolved": "https://registry.npmjs.org/@types/rdf-js/-/rdf-js-4.0.2.tgz",
			"integrity": "sha512-soR/+RMogGiDU1lrpuQl5ZL55/L1eq/JlR2dWx052Uh/RYs9okh3XZHFlIJXHZqjqyjEn4WdbOMfBj7vvc2WVQ==",
			"deprecated": "This is a stub types definition. rdf-js provides its own type definitions, so you do not need this installed.",
			"dev": true,
			"dependencies": {
				"rdf-js": "*"
			}
		},
		"node_modules/canonicalize": {
			"version": "1.0.5",
			"resolved": "https://registry.npmjs.org/canonicalize/-/canonicalize-1.0.5.tgz",
			"integrity": "sha512-mAjKJPIyP0xqqv6IAkvso07StOmz6cmGtNDg3pXCSzXVZOqka7StIkAhJl/zHOi4M2CgpYfD6aeRWbnrmtvBEA=="
		},
		"node_modules/cross-fetch": {
			"version": "3.1.4",
			"resolved": "https://registry.npmjs.org/cross-fetch/-/cross-fetch-3.1.4.tgz",
			"integrity": "sha512-1eAtFWdIubi6T4XPy6ei9iUFoKpUkIF971QLN8lIvvvwueI65+Nw5haMNKUwfJxabqlIIDODJKGrQ66gxC0PbQ==",
			"dependencies": {
				"node-fetch": "2.6.1"
			}
		},
		"node_modules/http-link-header": {
			"version": "1.0.3",
			"resolved": "https://registry.npmjs.org/http-link-header/-/http-link-header-1.0.3.tgz",
			"integrity": "sha512-nARK1wSKoBBrtcoESlHBx36c1Ln/gnbNQi1eB6MeTUefJIT3NvUOsV15bClga0k38f0q/kN5xxrGSDS3EFnm9w==",
			"engines": {
				"node": ">=4.0.0"
			}
		},
		"node_modules/jsonld-context-parser": {
			"version": "2.1.3",
			"resolved": "https://registry.npmjs.org/jsonld-context-parser/-/jsonld-context-parser-2.1.3.tgz",
			"integrity": "sha512-2Vi1IR6iAK3CMBWIWjItcKU7cIH3BM/EzuE9HCuINM2si1Zzbsr+INUgMrGuiQ+wtMitZmDwuNctQHkhESMqgw==",
			"dependencies": {
				"@types/http-link-header": "^1.0.1",
				"@types/node": "^13.1.0",
				"canonicalize": "^1.0.1",
				"cross-fetch": "^3.0.6",
				"http-link-header": "^1.0.2",
				"relative-to-absolute-iri": "^1.0.5"
			},
			"bin": {
				"jsonld-context-parse": "bin/jsonld-context-parse.js"
			}
		},
		"node_modules/jsonld-context-parser/node_modules/@types/node": {
			"version": "13.13.52",
			"resolved": "https://registry.npmjs.org/@types/node/-/node-13.13.52.tgz",
			"integrity": "sha512-s3nugnZumCC//n4moGGe6tkNMyYEdaDBitVjwPxXmR5lnMG5dHePinH2EdxkG3Rh1ghFHHixAG4NJhpJW1rthQ=="
		},
		"node_modules/jsonld-streaming-parser": {
			"version": "2.4.0",
			"resolved": "https://registry.npmjs.org/jsonld-streaming-parser/-/jsonld-streaming-parser-2.4.0.tgz",
			"integrity": "sha512-bDXUcHgeoEXX3uNNO9L9zsx/HEO9X4yxHi14Xfd6yS7kuaXqcUzKB6QaeJFwEoQAJB5v4XoXU/bcOcErWaEPLg==",
			"dependencies": {
				"@rdfjs/types": "*",
				"@types/http-link-header": "^1.0.1",
				"canonicalize": "^1.0.1",
				"http-link-header": "^1.0.2",
				"jsonld-context-parser": "^2.1.3",
				"jsonparse": "^1.3.1",
				"rdf-data-factory": "^1.1.0"
			}
		},
		"node_modules/jsonparse": {
			"version": "1.3.1",
			"resolved": "https://registry.npmjs.org/jsonparse/-/jsonparse-1.3.1.tgz",
			"integrity": "sha1-P02uSpH6wxX3EGL4UhzCOfE2YoA=",
			"engines": [
				"node >= 0.2.0"
			]
		},
		"node_modules/node-fetch": {
			"version": "2.6.1",
			"resolved": "https://registry.npmjs.org/node-fetch/-/node-fetch-2.6.1.tgz",
			"integrity": "sha512-V4aYg89jEoVRxRb2fJdAg8FHvI7cEyYdVAh94HH0UIK8oJxUfkjlDQN9RbMx+bEjP7+ggMiFRprSti032Oipxw==",
			"engines": {
				"node": "4.x || >=6.0.0"
			}
		},
		"node_modules/rdf-data-factory": {
			"version": "1.1.0",
			"resolved": "https://registry.npmjs.org/rdf-data-factory/-/rdf-data-factory-1.1.0.tgz",
			"integrity": "sha512-g8feOVZ/KL1OK2Pco/jDBDFh4m29QDsOOD+rWloG9qFvIzRFchGy2CviLUX491E0ByewXxMpaq/A3zsWHQA16A==",
			"dependencies": {
				"@rdfjs/types": "*"
			}
		},
		"node_modules/rdf-js": {
			"version": "4.0.2",
			"resolved": "https://registry.npmjs.org/rdf-js/-/rdf-js-4.0.2.tgz",
			"integrity": "sha512-ApvlFa/WsQh8LpPK/6hctQwG06Z9ztQQGWVtrcrf9L6+sejHNXLPOqL+w7q3hF+iL0C4sv3AX1PUtGkLNzyZ0Q==",
			"dev": true,
			"dependencies": {
				"@rdfjs/types": "*"
			}
		},
		"node_modules/relative-to-absolute-iri": {
			"version": "1.0.6",
			"resolved": "https://registry.npmjs.org/relative-to-absolute-iri/-/relative-to-absolute-iri-1.0.6.tgz",
			"integrity": "sha512-Xw5/Zx6iWSCMJUXwXVOjySjH8Xli4hVFL9QQFvkl1qEmFBG94J+QUI9emnoctOCD3285f1jNV+QWV9eDYwIdfQ=="
		}
	},
	"dependencies": {
		"@rdfjs/types": {
			"version": "1.0.1",
			"resolved": "https://registry.npmjs.org/@rdfjs/types/-/types-1.0.1.tgz",
			"integrity": "sha512-YxVkH0XrCNG3MWeZxfg596GFe+oorTVusmNxRP6ZHTsGczZ8AGvG3UchRNkg3Fy4MyysI7vBAA5YZbESL+VmHQ==",
			"requires": {
				"@types/node": "*"
			}
		},
		"@types/http-link-header": {
			"version": "1.0.3",
			"resolved": "https://registry.npmjs.org/@types/http-link-header/-/http-link-header-1.0.3.tgz",
			"integrity": "sha512-y8HkoD/vyid+5MrJ3aas0FvU3/BVBGcyG9kgxL0Zn4JwstA8CglFPnrR0RuzOjRCXwqzL5uxWC2IO7Ub0rMU2A==",
			"requires": {
				"@types/node": "*"
			}
		},
		"@types/node": {
			"version": "14.14.37",
			"resolved": "https://registry.npmjs.org/@types/node/-/node-14.14.37.tgz",
			"integrity": "sha512-XYmBiy+ohOR4Lh5jE379fV2IU+6Jn4g5qASinhitfyO71b/sCo6MKsMLF5tc7Zf2CE8hViVQyYSobJNke8OvUw=="
		},
		"@types/rdf-js": {
			"version": "4.0.2",
			"resolved": "https://registry.npmjs.org/@types/rdf-js/-/rdf-js-4.0.2.tgz",
			"integrity": "sha512-soR/+RMogGiDU1lrpuQl5ZL55/L1eq/JlR2dWx052Uh/RYs9okh3XZHFlIJXHZqjqyjEn4WdbOMfBj7vvc2WVQ==",
			"dev": true,
			"requires": {
				"rdf-js": "*"
			}
		},
		"canonicalize": {
			"version": "1.0.5",
			"resolved": "https://registry.npmjs.org/canonicalize/-/canonicalize-1.0.5.tgz",
			"integrity": "sha512-mAjKJPIyP0xqqv6IAkvso07StOmz6cmGtNDg3pXCSzXVZOqka7StIkAhJl/zHOi4M2CgpYfD6aeRWbnrmtvBEA=="
		},
		"cross-fetch": {
			"version": "3.1.4",
			"resolved": "https://registry.npmjs.org/cross-fetch/-/cross-fetch-3.1.4.tgz",
			"integrity": "sha512-1eAtFWdIubi6T4XPy6ei9iUFoKpUkIF971QLN8lIvvvwueI65+Nw5haMNKUwfJxabqlIIDODJKGrQ66gxC0PbQ==",
			"requires": {
				"node-fetch": "2.6.1"
			}
		},
		"http-link-header": {
			"version": "1.0.3",
			"resolved": "https://registry.npmjs.org/http-link-header/-/http-link-header-1.0.3.tgz",
			"integrity": "sha512-nARK1wSKoBBrtcoESlHBx36c1Ln/gnbNQi1eB6MeTUefJIT3NvUOsV15bClga0k38f0q/kN5xxrGSDS3EFnm9w=="
		},
		"jsonld-context-parser": {
			"version": "2.1.3",
			"resolved": "https://registry.npmjs.org/jsonld-context-parser/-/jsonld-context-parser-2.1.3.tgz",
			"integrity": "sha512-2Vi1IR6iAK3CMBWIWjItcKU7cIH3BM/EzuE9HCuINM2si1Zzbsr+INUgMrGuiQ+wtMitZmDwuNctQHkhESMqgw==",
			"requires": {
				"@types/http-link-header": "^1.0.1",
				"@types/node": "^13.1.0",
				"canonicalize": "^1.0.1",
				"cross-fetch": "^3.0.6",
				"http-link-header": "^1.0.2",
				"relative-to-absolute-iri": "^1.0.5"
			},
			"dependencies": {
				"@types/node": {
					"version": "13.13.52",
					"resolved": "https://registry.npmjs.org/@types/node/-/node-13.13.52.tgz",
					"integrity": "sha512-s3nugnZumCC//n4moGGe6tkNMyYEdaDBitVjwPxXmR5lnMG5dHePinH2EdxkG3Rh1ghFHHixAG4NJhpJW1rthQ=="
				}
			}
		},
		"jsonld-streaming-parser": {
			"version": "2.4.0",
			"resolved": "https://registry.npmjs.org/jsonld-streaming-parser/-/jsonld-streaming-parser-2.4.0.tgz",
			"integrity": "sha512-bDXUcHgeoEXX3uNNO9L9zsx/HEO9X4yxHi14Xfd6yS7kuaXqcUzKB6QaeJFwEoQAJB5v4XoXU/bcOcErWaEPLg==",
			"requires": {
				"@rdfjs/types": "*",
				"@types/http-link-header": "^1.0.1",
				"canonicalize": "^1.0.1",
				"http-link-header": "^1.0.2",
				"jsonld-context-parser": "^2.1.3",
				"jsonparse": "^1.3.1",
				"rdf-data-factory": "^1.1.0"
			}
		},
		"jsonparse": {
			"version": "1.3.1",
			"resolved": "https://registry.npmjs.org/jsonparse/-/jsonparse-1.3.1.tgz",
			"integrity": "sha1-P02uSpH6wxX3EGL4UhzCOfE2YoA="
		},
		"node-fetch": {
			"version": "2.6.1",
			"resolved": "https://registry.npmjs.org/node-fetch/-/node-fetch-2.6.1.tgz",
			"integrity": "sha512-V4aYg89jEoVRxRb2fJdAg8FHvI7cEyYdVAh94HH0UIK8oJxUfkjlDQN9RbMx+bEjP7+ggMiFRprSti032Oipxw=="
		},
		"rdf-data-factory": {
			"version": "1.1.0",
			"resolved": "https://registry.npmjs.org/rdf-data-factory/-/rdf-data-factory-1.1.0.tgz",
			"integrity": "sha512-g8feOVZ/KL1OK2Pco/jDBDFh4m29QDsOOD+rWloG9qFvIzRFchGy2CviLUX491E0ByewXxMpaq/A3zsWHQA16A==",
			"requires": {
				"@rdfjs/types": "*"
			}
		},
		"rdf-js": {
			"version": "4.0.2",
			"resolved": "https://registry.npmjs.org/rdf-js/-/rdf-js-4.0.2.tgz",
			"integrity": "sha512-ApvlFa/WsQh8LpPK/6hctQwG06Z9ztQQGWVtrcrf9L6+sejHNXLPOqL+w7q3hF+iL0C4sv3AX1PUtGkLNzyZ0Q==",
			"dev": true,
			"requires": {
				"@rdfjs/types": "*"
			}
		},
		"relative-to-absolute-iri": {
			"version": "1.0.6",
			"resolved": "https://registry.npmjs.org/relative-to-absolute-iri/-/relative-to-absolute-iri-1.0.6.tgz",
			"integrity": "sha512-Xw5/Zx6iWSCMJUXwXVOjySjH8Xli4hVFL9QQFvkl1qEmFBG94J+QUI9emnoctOCD3285f1jNV+QWV9eDYwIdfQ=="
		}
	}
}
